// !$*UTF8*$!
{
	archiveVersion = 1;
	classes = {
	};
	objectVersion = 46;
	objects = {

/* Begin PBXBuildFile section */
		D67271D91E8118C6006F93BA /* GRoute.podspec in Resources */ = {isa = PBXBuildFile; fileRef = D67271D81E8118C6006F93BA /* GRoute.podspec */; };
		D67271DB1E811DBC006F93BA /* LICENSE in Resources */ = {isa = PBXBuildFile; fileRef = D67271DA1E811DBC006F93BA /* LICENSE */; };
		D6AA631B1E7A5BE200D00028 /* GRoute.framework in Frameworks */ = {isa = PBXBuildFile; fileRef = D6AA63111E7A5BE200D00028 /* GRoute.framework */; };
		D6AA63221E7A5BE200D00028 /* GRoute.h in Headers */ = {isa = PBXBuildFile; fileRef = D6AA63141E7A5BE200D00028 /* GRoute.h */; settings = {ATTRIBUTES = (Public, ); }; };
		D6AA632C1E7A5D9000D00028 /* GRoute.swift in Sources */ = {isa = PBXBuildFile; fileRef = D6AA632B1E7A5D9000D00028 /* GRoute.swift */; };
/* End PBXBuildFile section */

/* Begin PBXContainerItemProxy section */
		848B65B31F7395B30044519A /* PBXContainerItemProxy */ = {
			isa = PBXContainerItemProxy;
			containerPortal = 848B65A81F7395B30044519A /* Alamofire.xcodeproj */;
			proxyType = 2;
			remoteGlobalIDString = F8111E3319A95C8B0040E7D1;
			remoteInfo = "Alamofire iOS";
		};
		848B65B51F7395B30044519A /* PBXContainerItemProxy */ = {
			isa = PBXContainerItemProxy;
			containerPortal = 848B65A81F7395B30044519A /* Alamofire.xcodeproj */;
			proxyType = 2;
			remoteGlobalIDString = F8111E3E19A95C8B0040E7D1;
			remoteInfo = "Alamofire iOS Tests";
		};
		848B65B71F7395B30044519A /* PBXContainerItemProxy */ = {
			isa = PBXContainerItemProxy;
			containerPortal = 848B65A81F7395B30044519A /* Alamofire.xcodeproj */;
			proxyType = 2;
			remoteGlobalIDString = 4DD67C0B1A5C55C900ED2280;
			remoteInfo = "Alamofire macOS";
		};
		848B65B91F7395B30044519A /* PBXContainerItemProxy */ = {
			isa = PBXContainerItemProxy;
			containerPortal = 848B65A81F7395B30044519A /* Alamofire.xcodeproj */;
			proxyType = 2;
			remoteGlobalIDString = F829C6B21A7A94F100A2CD59;
			remoteInfo = "Alamofire macOS Tests";
		};
		848B65BB1F7395B30044519A /* PBXContainerItemProxy */ = {
			isa = PBXContainerItemProxy;
			containerPortal = 848B65A81F7395B30044519A /* Alamofire.xcodeproj */;
			proxyType = 2;
			remoteGlobalIDString = 4CF626EF1BA7CB3E0011A099;
			remoteInfo = "Alamofire tvOS";
		};
		848B65BD1F7395B30044519A /* PBXContainerItemProxy */ = {
			isa = PBXContainerItemProxy;
			containerPortal = 848B65A81F7395B30044519A /* Alamofire.xcodeproj */;
			proxyType = 2;
			remoteGlobalIDString = 4CF626F81BA7CB3E0011A099;
			remoteInfo = "Alamofire tvOS Tests";
		};
		848B65BF1F7395B30044519A /* PBXContainerItemProxy */ = {
			isa = PBXContainerItemProxy;
			containerPortal = 848B65A81F7395B30044519A /* Alamofire.xcodeproj */;
			proxyType = 2;
			remoteGlobalIDString = E4202FE01B667AA100C997FB;
			remoteInfo = "Alamofire watchOS";
		};
		D6AA631C1E7A5BE200D00028 /* PBXContainerItemProxy */ = {
			isa = PBXContainerItemProxy;
			containerPortal = D6AA63081E7A5BE200D00028 /* Project object */;
			proxyType = 1;
			remoteGlobalIDString = D6AA63101E7A5BE200D00028;
			remoteInfo = GRoute;
		};
/* End PBXContainerItemProxy section */

/* Begin PBXCopyFilesBuildPhase section */
		84B869921F73669100C38B48 /* CopyFiles */ = {
			isa = PBXCopyFilesBuildPhase;
			buildActionMask = 2147483647;
			dstPath = "";
			dstSubfolderSpec = 10;
			files = (
			);
			runOnlyForDeploymentPostprocessing = 0;
		};
/* End PBXCopyFilesBuildPhase section */

/* Begin PBXFileReference section */
		848B65A81F7395B30044519A /* Alamofire.xcodeproj */ = {isa = PBXFileReference; lastKnownFileType = "wrapper.pb-project"; name = Alamofire.xcodeproj; path = Alamofire/Alamofire.xcodeproj; sourceTree = "<group>"; };
		84B869BF1F73687800C38B48 /* Alamofire.framework */ = {isa = PBXFileReference; lastKnownFileType = wrapper.framework; name = Alamofire.framework; path = "../../Library/Developer/Xcode/DerivedData/GRoute-avrsambmrglsnxcisveezpheciqk/Build/Products/Debug-iphonesimulator/Alamofire/Alamofire.framework"; sourceTree = "<group>"; };
		84B869C21F73691900C38B48 /* Pods_GRoute.framework */ = {isa = PBXFileReference; lastKnownFileType = wrapper.framework; name = Pods_GRoute.framework; path = "../../Library/Developer/Xcode/DerivedData/GRoute-avrsambmrglsnxcisveezpheciqk/Build/Products/Debug-iphonesimulator/Pods_GRoute.framework"; sourceTree = "<group>"; };
		9CAB8DCFE8B3C1A1E04EC497 /* Pods-GRoute.debug.xcconfig */ = {isa = PBXFileReference; includeInIndex = 1; lastKnownFileType = text.xcconfig; name = "Pods-GRoute.debug.xcconfig"; path = "Pods/Target Support Files/Pods-GRoute/Pods-GRoute.debug.xcconfig"; sourceTree = "<group>"; };
		D67271D81E8118C6006F93BA /* GRoute.podspec */ = {isa = PBXFileReference; fileEncoding = 4; lastKnownFileType = text; path = GRoute.podspec; sourceTree = "<group>"; };
		D67271DA1E811DBC006F93BA /* LICENSE */ = {isa = PBXFileReference; fileEncoding = 4; lastKnownFileType = text; path = LICENSE; sourceTree = "<group>"; };
		D6AA63111E7A5BE200D00028 /* GRoute.framework */ = {isa = PBXFileReference; explicitFileType = wrapper.framework; includeInIndex = 0; path = GRoute.framework; sourceTree = BUILT_PRODUCTS_DIR; };
		D6AA63141E7A5BE200D00028 /* GRoute.h */ = {isa = PBXFileReference; lastKnownFileType = sourcecode.c.h; path = GRoute.h; sourceTree = "<group>"; };
		D6AA63151E7A5BE200D00028 /* Info.plist */ = {isa = PBXFileReference; lastKnownFileType = text.plist.xml; path = Info.plist; sourceTree = "<group>"; };
		D6AA631A1E7A5BE200D00028 /* GRouteTests.xctest */ = {isa = PBXFileReference; explicitFileType = wrapper.cfbundle; includeInIndex = 0; path = GRouteTests.xctest; sourceTree = BUILT_PRODUCTS_DIR; };
		D6AA63211E7A5BE200D00028 /* Info.plist */ = {isa = PBXFileReference; lastKnownFileType = text.plist.xml; path = Info.plist; sourceTree = "<group>"; };
		D6AA632B1E7A5D9000D00028 /* GRoute.swift */ = {isa = PBXFileReference; fileEncoding = 4; lastKnownFileType = sourcecode.swift; path = GRoute.swift; sourceTree = "<group>"; };
		D9DA4C11AD4DB46AE1EA1F61 /* Pods_GRoute.framework */ = {isa = PBXFileReference; explicitFileType = wrapper.framework; includeInIndex = 0; path = Pods_GRoute.framework; sourceTree = BUILT_PRODUCTS_DIR; };
		F00A9F7D15DA5EB2CF43CF5F /* Pods-GRoute.release.xcconfig */ = {isa = PBXFileReference; includeInIndex = 1; lastKnownFileType = text.xcconfig; name = "Pods-GRoute.release.xcconfig"; path = "Pods/Target Support Files/Pods-GRoute/Pods-GRoute.release.xcconfig"; sourceTree = "<group>"; };
/* End PBXFileReference section */

/* Begin PBXFrameworksBuildPhase section */
		D6AA630D1E7A5BE200D00028 /* Frameworks */ = {
			isa = PBXFrameworksBuildPhase;
			buildActionMask = 2147483647;
			files = (
			);
			runOnlyForDeploymentPostprocessing = 0;
		};
		D6AA63171E7A5BE200D00028 /* Frameworks */ = {
			isa = PBXFrameworksBuildPhase;
			buildActionMask = 2147483647;
			files = (
				D6AA631B1E7A5BE200D00028 /* GRoute.framework in Frameworks */,
			);
			runOnlyForDeploymentPostprocessing = 0;
		};
/* End PBXFrameworksBuildPhase section */

/* Begin PBXGroup section */
		2C31E5B05AA62E991B8391E8 /* Frameworks */ = {
			isa = PBXGroup;
			children = (
				84B869C21F73691900C38B48 /* Pods_GRoute.framework */,
				84B869BF1F73687800C38B48 /* Alamofire.framework */,
				D9DA4C11AD4DB46AE1EA1F61 /* Pods_GRoute.framework */,
			);
			name = Frameworks;
			sourceTree = "<group>";
		};
		71B484E3400F32088AE8F923 /* Pods */ = {
			isa = PBXGroup;
			children = (
				9CAB8DCFE8B3C1A1E04EC497 /* Pods-GRoute.debug.xcconfig */,
				F00A9F7D15DA5EB2CF43CF5F /* Pods-GRoute.release.xcconfig */,
			);
			name = Pods;
			sourceTree = "<group>";
		};
		848B65A91F7395B30044519A /* Products */ = {
			isa = PBXGroup;
			children = (
				848B65B41F7395B30044519A /* Alamofire.framework */,
				848B65B61F7395B30044519A /* Alamofire iOS Tests.xctest */,
				848B65B81F7395B30044519A /* Alamofire.framework */,
				848B65BA1F7395B30044519A /* Alamofire macOS Tests.xctest */,
				848B65BC1F7395B30044519A /* Alamofire.framework */,
				848B65BE1F7395B30044519A /* Alamofire tvOS Tests.xctest */,
				848B65C01F7395B30044519A /* Alamofire.framework */,
			);
			name = Products;
			sourceTree = "<group>";
		};
		D6AA63071E7A5BE200D00028 = {
			isa = PBXGroup;
			children = (
				848B65A81F7395B30044519A /* Alamofire.xcodeproj */,
				D6AA63131E7A5BE200D00028 /* GRoute */,
				D6AA631E1E7A5BE200D00028 /* GRouteTests */,
				D6AA63121E7A5BE200D00028 /* Products */,
				71B484E3400F32088AE8F923 /* Pods */,
				2C31E5B05AA62E991B8391E8 /* Frameworks */,
				D67271D81E8118C6006F93BA /* GRoute.podspec */,
				D67271DA1E811DBC006F93BA /* LICENSE */,
			);
			sourceTree = "<group>";
		};
		D6AA63121E7A5BE200D00028 /* Products */ = {
			isa = PBXGroup;
			children = (
				D6AA63111E7A5BE200D00028 /* GRoute.framework */,
				D6AA631A1E7A5BE200D00028 /* GRouteTests.xctest */,
			);
			name = Products;
			sourceTree = "<group>";
		};
		D6AA63131E7A5BE200D00028 /* GRoute */ = {
			isa = PBXGroup;
			children = (
				D6AA63141E7A5BE200D00028 /* GRoute.h */,
				D6AA63151E7A5BE200D00028 /* Info.plist */,
				D6AA632B1E7A5D9000D00028 /* GRoute.swift */,
			);
			path = GRoute;
			sourceTree = "<group>";
		};
		D6AA631E1E7A5BE200D00028 /* GRouteTests */ = {
			isa = PBXGroup;
			children = (
				D6AA63211E7A5BE200D00028 /* Info.plist */,
			);
			path = GRouteTests;
			sourceTree = "<group>";
		};
/* End PBXGroup section */

/* Begin PBXHeadersBuildPhase section */
		D6AA630E1E7A5BE200D00028 /* Headers */ = {
			isa = PBXHeadersBuildPhase;
			buildActionMask = 2147483647;
			files = (
				D6AA63221E7A5BE200D00028 /* GRoute.h in Headers */,
			);
			runOnlyForDeploymentPostprocessing = 0;
		};
/* End PBXHeadersBuildPhase section */

/* Begin PBXNativeTarget section */
		D6AA63101E7A5BE200D00028 /* GRoute */ = {
			isa = PBXNativeTarget;
			buildConfigurationList = D6AA63251E7A5BE200D00028 /* Build configuration list for PBXNativeTarget "GRoute" */;
			buildPhases = (
				69414C5B02BCAA19AA047C1D /* [CP] Check Pods Manifest.lock */,
				D6AA630C1E7A5BE200D00028 /* Sources */,
				D6AA630D1E7A5BE200D00028 /* Frameworks */,
				D6AA630E1E7A5BE200D00028 /* Headers */,
				D6AA630F1E7A5BE200D00028 /* Resources */,
				BB0B2DD31DF266646311CA4F /* [CP] Copy Pods Resources */,
			);
			buildRules = (
			);
			dependencies = (
			);
			name = GRoute;
			productName = GRoute;
			productReference = D6AA63111E7A5BE200D00028 /* GRoute.framework */;
			productType = "com.apple.product-type.framework";
		};
		D6AA63191E7A5BE200D00028 /* GRouteTests */ = {
			isa = PBXNativeTarget;
			buildConfigurationList = D6AA63281E7A5BE200D00028 /* Build configuration list for PBXNativeTarget "GRouteTests" */;
			buildPhases = (
				D6AA63161E7A5BE200D00028 /* Sources */,
				D6AA63171E7A5BE200D00028 /* Frameworks */,
				D6AA63181E7A5BE200D00028 /* Resources */,
				84B869921F73669100C38B48 /* CopyFiles */,
			);
			buildRules = (
			);
			dependencies = (
				D6AA631D1E7A5BE200D00028 /* PBXTargetDependency */,
			);
			name = GRouteTests;
			productName = GRouteTests;
			productReference = D6AA631A1E7A5BE200D00028 /* GRouteTests.xctest */;
			productType = "com.apple.product-type.bundle.unit-test";
		};
/* End PBXNativeTarget section */

/* Begin PBXProject section */
		D6AA63081E7A5BE200D00028 /* Project object */ = {
			isa = PBXProject;
			attributes = {
				LastSwiftUpdateCheck = 0820;
				LastUpgradeCheck = 0820;
				ORGANIZATIONNAME = lez;
				TargetAttributes = {
					D6AA63101E7A5BE200D00028 = {
						CreatedOnToolsVersion = 8.2.1;
						LastSwiftMigration = 0830;
						ProvisioningStyle = Manual;
					};
					D6AA63191E7A5BE200D00028 = {
						CreatedOnToolsVersion = 8.2.1;
						ProvisioningStyle = Automatic;
					};
				};
			};
			buildConfigurationList = D6AA630B1E7A5BE200D00028 /* Build configuration list for PBXProject "GRoute" */;
			compatibilityVersion = "Xcode 3.2";
			developmentRegion = English;
			hasScannedForEncodings = 0;
			knownRegions = (
				en,
			);
			mainGroup = D6AA63071E7A5BE200D00028;
			productRefGroup = D6AA63121E7A5BE200D00028 /* Products */;
			projectDirPath = "";
			projectReferences = (
				{
					ProductGroup = 848B65A91F7395B30044519A /* Products */;
					ProjectRef = 848B65A81F7395B30044519A /* Alamofire.xcodeproj */;
				},
			);
			projectRoot = "";
			targets = (
				D6AA63101E7A5BE200D00028 /* GRoute */,
				D6AA63191E7A5BE200D00028 /* GRouteTests */,
			);
		};
/* End PBXProject section */

/* Begin PBXReferenceProxy section */
		848B65B41F7395B30044519A /* Alamofire.framework */ = {
			isa = PBXReferenceProxy;
			fileType = wrapper.framework;
			path = Alamofire.framework;
			remoteRef = 848B65B31F7395B30044519A /* PBXContainerItemProxy */;
			sourceTree = BUILT_PRODUCTS_DIR;
		};
		848B65B61F7395B30044519A /* Alamofire iOS Tests.xctest */ = {
			isa = PBXReferenceProxy;
			fileType = wrapper.cfbundle;
			path = "Alamofire iOS Tests.xctest";
			remoteRef = 848B65B51F7395B30044519A /* PBXContainerItemProxy */;
			sourceTree = BUILT_PRODUCTS_DIR;
		};
		848B65B81F7395B30044519A /* Alamofire.framework */ = {
			isa = PBXReferenceProxy;
			fileType = wrapper.framework;
			path = Alamofire.framework;
			remoteRef = 848B65B71F7395B30044519A /* PBXContainerItemProxy */;
			sourceTree = BUILT_PRODUCTS_DIR;
		};
		848B65BA1F7395B30044519A /* Alamofire macOS Tests.xctest */ = {
			isa = PBXReferenceProxy;
			fileType = wrapper.cfbundle;
			path = "Alamofire macOS Tests.xctest";
			remoteRef = 848B65B91F7395B30044519A /* PBXContainerItemProxy */;
			sourceTree = BUILT_PRODUCTS_DIR;
		};
		848B65BC1F7395B30044519A /* Alamofire.framework */ = {
			isa = PBXReferenceProxy;
			fileType = wrapper.framework;
			path = Alamofire.framework;
			remoteRef = 848B65BB1F7395B30044519A /* PBXContainerItemProxy */;
			sourceTree = BUILT_PRODUCTS_DIR;
		};
		848B65BE1F7395B30044519A /* Alamofire tvOS Tests.xctest */ = {
			isa = PBXReferenceProxy;
			fileType = wrapper.cfbundle;
			path = "Alamofire tvOS Tests.xctest";
			remoteRef = 848B65BD1F7395B30044519A /* PBXContainerItemProxy */;
			sourceTree = BUILT_PRODUCTS_DIR;
		};
		848B65C01F7395B30044519A /* Alamofire.framework */ = {
			isa = PBXReferenceProxy;
			fileType = wrapper.framework;
			path = Alamofire.framework;
			remoteRef = 848B65BF1F7395B30044519A /* PBXContainerItemProxy */;
			sourceTree = BUILT_PRODUCTS_DIR;
		};
/* End PBXReferenceProxy section */

/* Begin PBXResourcesBuildPhase section */
		D6AA630F1E7A5BE200D00028 /* Resources */ = {
			isa = PBXResourcesBuildPhase;
			buildActionMask = 2147483647;
			files = (
				D67271DB1E811DBC006F93BA /* LICENSE in Resources */,
				D67271D91E8118C6006F93BA /* GRoute.podspec in Resources */,
			);
			runOnlyForDeploymentPostprocessing = 0;
		};
		D6AA63181E7A5BE200D00028 /* Resources */ = {
			isa = PBXResourcesBuildPhase;
			buildActionMask = 2147483647;
			files = (
			);
			runOnlyForDeploymentPostprocessing = 0;
		};
/* End PBXResourcesBuildPhase section */

/* Begin PBXShellScriptBuildPhase section */
		69414C5B02BCAA19AA047C1D /* [CP] Check Pods Manifest.lock */ = {
			isa = PBXShellScriptBuildPhase;
			buildActionMask = 2147483647;
			files = (
			);
			inputPaths = (
			);
			name = "[CP] Check Pods Manifest.lock";
			outputPaths = (
			);
			runOnlyForDeploymentPostprocessing = 0;
			shellPath = /bin/sh;
			shellScript = "diff \"${PODS_PODFILE_DIR_PATH}/Podfile.lock\" \"${PODS_ROOT}/Manifest.lock\" > /dev/null\nif [ $? != 0 ] ; then\n    # print error to STDERR\n    echo \"error: The sandbox is not in sync with the Podfile.lock. Run 'pod install' or update your CocoaPods installation.\" >&2\n    exit 1\nfi\n";
			showEnvVarsInLog = 0;
		};
		BB0B2DD31DF266646311CA4F /* [CP] Copy Pods Resources */ = {
			isa = PBXShellScriptBuildPhase;
			buildActionMask = 2147483647;
			files = (
			);
			inputPaths = (
			);
			name = "[CP] Copy Pods Resources";
			outputPaths = (
			);
			runOnlyForDeploymentPostprocessing = 0;
			shellPath = /bin/sh;
			shellScript = "\"${SRCROOT}/Pods/Target Support Files/Pods-GRoute/Pods-GRoute-resources.sh\"\n";
			showEnvVarsInLog = 0;
		};
/* End PBXShellScriptBuildPhase section */

/* Begin PBXSourcesBuildPhase section */
		D6AA630C1E7A5BE200D00028 /* Sources */ = {
			isa = PBXSourcesBuildPhase;
			buildActionMask = 2147483647;
			files = (
				D6AA632C1E7A5D9000D00028 /* GRoute.swift in Sources */,
			);
			runOnlyForDeploymentPostprocessing = 0;
		};
		D6AA63161E7A5BE200D00028 /* Sources */ = {
			isa = PBXSourcesBuildPhase;
			buildActionMask = 2147483647;
			files = (
			);
			runOnlyForDeploymentPostprocessing = 0;
		};
/* End PBXSourcesBuildPhase section */

/* Begin PBXTargetDependency section */
		D6AA631D1E7A5BE200D00028 /* PBXTargetDependency */ = {
			isa = PBXTargetDependency;
			target = D6AA63101E7A5BE200D00028 /* GRoute */;
			targetProxy = D6AA631C1E7A5BE200D00028 /* PBXContainerItemProxy */;
		};
/* End PBXTargetDependency section */

/* Begin XCBuildConfiguration section */
		D6AA63231E7A5BE200D00028 /* Debug */ = {
			isa = XCBuildConfiguration;
			buildSettings = {
				ALWAYS_SEARCH_USER_PATHS = NO;
				CLANG_ANALYZER_NONNULL = YES;
				CLANG_CXX_LANGUAGE_STANDARD = "gnu++0x";
				CLANG_CXX_LIBRARY = "libc++";
				CLANG_ENABLE_MODULES = YES;
				CLANG_ENABLE_OBJC_ARC = YES;
				CLANG_WARN_BOOL_CONVERSION = YES;
				CLANG_WARN_CONSTANT_CONVERSION = YES;
				CLANG_WARN_DIRECT_OBJC_ISA_USAGE = YES_ERROR;
				CLANG_WARN_DOCUMENTATION_COMMENTS = YES;
				CLANG_WARN_EMPTY_BODY = YES;
				CLANG_WARN_ENUM_CONVERSION = YES;
				CLANG_WARN_INFINITE_RECURSION = YES;
				CLANG_WARN_INT_CONVERSION = YES;
				CLANG_WARN_OBJC_ROOT_CLASS = YES_ERROR;
				CLANG_WARN_SUSPICIOUS_MOVE = YES;
				CLANG_WARN_UNREACHABLE_CODE = YES;
				CLANG_WARN__DUPLICATE_METHOD_MATCH = YES;
				"CODE_SIGN_IDENTITY[sdk=iphoneos*]" = "iPhone Developer";
				COPY_PHASE_STRIP = NO;
				CURRENT_PROJECT_VERSION = 1;
				DEBUG_INFORMATION_FORMAT = dwarf;
				ENABLE_STRICT_OBJC_MSGSEND = YES;
				ENABLE_TESTABILITY = YES;
				GCC_C_LANGUAGE_STANDARD = gnu99;
				GCC_DYNAMIC_NO_PIC = NO;
				GCC_NO_COMMON_BLOCKS = YES;
				GCC_OPTIMIZATION_LEVEL = 0;
				GCC_PREPROCESSOR_DEFINITIONS = (
					"DEBUG=1",
					"$(inherited)",
				);
				GCC_WARN_64_TO_32_BIT_CONVERSION = YES;
				GCC_WARN_ABOUT_RETURN_TYPE = YES_ERROR;
				GCC_WARN_UNDECLARED_SELECTOR = YES;
				GCC_WARN_UNINITIALIZED_AUTOS = YES_AGGRESSIVE;
				GCC_WARN_UNUSED_FUNCTION = YES;
				GCC_WARN_UNUSED_VARIABLE = YES;
				IPHONEOS_DEPLOYMENT_TARGET = 10.2;
				MTL_ENABLE_DEBUG_INFO = YES;
				ONLY_ACTIVE_ARCH = YES;
				SDKROOT = iphoneos;
				SWIFT_ACTIVE_COMPILATION_CONDITIONS = DEBUG;
				SWIFT_OPTIMIZATION_LEVEL = "-Onone";
				TARGETED_DEVICE_FAMILY = "1,2";
				VERSIONING_SYSTEM = "apple-generic";
				VERSION_INFO_PREFIX = "";
			};
			name = Debug;
		};
		D6AA63241E7A5BE200D00028 /* Release */ = {
			isa = XCBuildConfiguration;
			buildSettings = {
				ALWAYS_SEARCH_USER_PATHS = NO;
				CLANG_ANALYZER_NONNULL = YES;
				CLANG_CXX_LANGUAGE_STANDARD = "gnu++0x";
				CLANG_CXX_LIBRARY = "libc++";
				CLANG_ENABLE_MODULES = YES;
				CLANG_ENABLE_OBJC_ARC = YES;
				CLANG_WARN_BOOL_CONVERSION = YES;
				CLANG_WARN_CONSTANT_CONVERSION = YES;
				CLANG_WARN_DIRECT_OBJC_ISA_USAGE = YES_ERROR;
				CLANG_WARN_DOCUMENTATION_COMMENTS = YES;
				CLANG_WARN_EMPTY_BODY = YES;
				CLANG_WARN_ENUM_CONVERSION = YES;
				CLANG_WARN_INFINITE_RECURSION = YES;
				CLANG_WARN_INT_CONVERSION = YES;
				CLANG_WARN_OBJC_ROOT_CLASS = YES_ERROR;
				CLANG_WARN_SUSPICIOUS_MOVE = YES;
				CLANG_WARN_UNREACHABLE_CODE = YES;
				CLANG_WARN__DUPLICATE_METHOD_MATCH = YES;
				"CODE_SIGN_IDENTITY[sdk=iphoneos*]" = "iPhone Developer";
				COPY_PHASE_STRIP = NO;
				CURRENT_PROJECT_VERSION = 1;
				DEBUG_INFORMATION_FORMAT = "dwarf-with-dsym";
				ENABLE_NS_ASSERTIONS = NO;
				ENABLE_STRICT_OBJC_MSGSEND = YES;
				GCC_C_LANGUAGE_STANDARD = gnu99;
				GCC_NO_COMMON_BLOCKS = YES;
				GCC_WARN_64_TO_32_BIT_CONVERSION = YES;
				GCC_WARN_ABOUT_RETURN_TYPE = YES_ERROR;
				GCC_WARN_UNDECLARED_SELECTOR = YES;
				GCC_WARN_UNINITIALIZED_AUTOS = YES_AGGRESSIVE;
				GCC_WARN_UNUSED_FUNCTION = YES;
				GCC_WARN_UNUSED_VARIABLE = YES;
				IPHONEOS_DEPLOYMENT_TARGET = 10.2;
				MTL_ENABLE_DEBUG_INFO = NO;
				SDKROOT = iphoneos;
				SWIFT_OPTIMIZATION_LEVEL = "-Owholemodule";
				TARGETED_DEVICE_FAMILY = "1,2";
				VALIDATE_PRODUCT = YES;
				VERSIONING_SYSTEM = "apple-generic";
				VERSION_INFO_PREFIX = "";
			};
			name = Release;
		};
		D6AA63261E7A5BE200D00028 /* Debug */ = {
			isa = XCBuildConfiguration;
			baseConfigurationReference = 9CAB8DCFE8B3C1A1E04EC497 /* Pods-GRoute.debug.xcconfig */;
			buildSettings = {
				CLANG_ENABLE_MODULES = YES;
				CODE_SIGN_IDENTITY = "";
				DEFINES_MODULE = YES;
				DEVELOPMENT_TEAM = "";
				DYLIB_COMPATIBILITY_VERSION = 1;
				DYLIB_CURRENT_VERSION = 1;
				DYLIB_INSTALL_NAME_BASE = "@rpath";
				INFOPLIST_FILE = GRoute/Info.plist;
				INSTALL_PATH = "$(LOCAL_LIBRARY_DIR)/Frameworks";
				LD_RUNPATH_SEARCH_PATHS = "$(inherited) @executable_path/Frameworks @loader_path/Frameworks";
				PRODUCT_BUNDLE_IDENTIFIER = com.lez.GRoute;
				PRODUCT_NAME = "$(TARGET_NAME)";
				SKIP_INSTALL = YES;
				SWIFT_OBJC_BRIDGING_HEADER = "";
				SWIFT_OPTIMIZATION_LEVEL = "-Onone";
				SWIFT_VERSION = 3.0;
			};
			name = Debug;
		};
		D6AA63271E7A5BE200D00028 /* Release */ = {
			isa = XCBuildConfiguration;
			baseConfigurationReference = F00A9F7D15DA5EB2CF43CF5F /* Pods-GRoute.release.xcconfig */;
			buildSettings = {
				CLANG_ENABLE_MODULES = YES;
				CODE_SIGN_IDENTITY = "";
				DEFINES_MODULE = YES;
				DEVELOPMENT_TEAM = "";
				DYLIB_COMPATIBILITY_VERSION = 1;
				DYLIB_CURRENT_VERSION = 1;
				DYLIB_INSTALL_NAME_BASE = "@rpath";
				INFOPLIST_FILE = GRoute/Info.plist;
				INSTALL_PATH = "$(LOCAL_LIBRARY_DIR)/Frameworks";
				LD_RUNPATH_SEARCH_PATHS = "$(inherited) @executable_path/Frameworks @loader_path/Frameworks";
				PRODUCT_BUNDLE_IDENTIFIER = com.lez.GRoute;
				PRODUCT_NAME = "$(TARGET_NAME)";
				SKIP_INSTALL = YES;
				SWIFT_OBJC_BRIDGING_HEADER = "";
				SWIFT_VERSION = 3.0;
			};
			name = Release;
		};
		D6AA63291E7A5BE200D00028 /* Debug */ = {
			isa = XCBuildConfiguration;
			buildSettings = {
				ALWAYS_EMBED_SWIFT_STANDARD_LIBRARIES = YES;
				INFOPLIST_FILE = GRouteTests/Info.plist;
				LD_RUNPATH_SEARCH_PATHS = "$(inherited) @executable_path/Frameworks @loader_path/Frameworks";
				PRODUCT_BUNDLE_IDENTIFIER = lez.GRouteTests;
				PRODUCT_NAME = "$(TARGET_NAME)";
				SWIFT_VERSION = 3.0;
			};
			name = Debug;
		};
		D6AA632A1E7A5BE200D00028 /* Release */ = {
			isa = XCBuildConfiguration;
			buildSettings = {
				ALWAYS_EMBED_SWIFT_STANDARD_LIBRARIES = YES;
				INFOPLIST_FILE = GRouteTests/Info.plist;
				LD_RUNPATH_SEARCH_PATHS = "$(inherited) @executable_path/Frameworks @loader_path/Frameworks";
				PRODUCT_BUNDLE_IDENTIFIER = lez.GRouteTests;
				PRODUCT_NAME = "$(TARGET_NAME)";
				SWIFT_VERSION = 3.0;
			};
			name = Release;
		};
/* End XCBuildConfiguration section */

/* Begin XCConfigurationList section */
		D6AA630B1E7A5BE200D00028 /* Build configuration list for PBXProject "GRoute" */ = {
			isa = XCConfigurationList;
			buildConfigurations = (
				D6AA63231E7A5BE200D00028 /* Debug */,
				D6AA63241E7A5BE200D00028 /* Release */,
			);
			defaultConfigurationIsVisible = 0;
			defaultConfigurationName = Release;
		};
		D6AA63251E7A5BE200D00028 /* Build configuration list for PBXNativeTarget "GRoute" */ = {
			isa = XCConfigurationList;
			buildConfigurations = (
				D6AA63261E7A5BE200D00028 /* Debug */,
				D6AA63271E7A5BE200D00028 /* Release */,
			);
			defaultConfigurationIsVisible = 0;
			defaultConfigurationName = Release;
		};
		D6AA63281E7A5BE200D00028 /* Build configuration list for PBXNativeTarget "GRouteTests" */ = {
			isa = XCConfigurationList;
			buildConfigurations = (
				D6AA63291E7A5BE200D00028 /* Debug */,
				D6AA632A1E7A5BE200D00028 /* Release */,
			);
			defaultConfigurationIsVisible = 0;
			defaultConfigurationName = Release;
		};
/* End XCConfigurationList section */
	};
	rootObject = D6AA63081E7A5BE200D00028 /* Project object */;
}
